
Microsoft Visual Studio Solution File, Format Version 12.00
# Visual Studio Version 17
VisualStudioVersion = 17.14.36414.22 d17.14
MinimumVisualStudioVersion = 10.0.40219.1
Project("{FAE04EC0-301F-11D3-BF4B-00C04F79EFBC}") = "Entity", "Entity.csproj", "{980D0E9B-B9CB-03B6-D34C-75B708D1B47E}"
EndProject
Global
	GlobalSection(SolutionConfigurationPlatforms) = preSolution
		Debug|Any CPU = Debug|Any CPU
		Release|Any CPU = Release|Any CPU
	EndGlobalSection
	GlobalSection(ProjectConfigurationPlatforms) = postSolution
		{980D0E9B-B9CB-03B6-D34C-75B708D1B47E}.Debug|Any CPU.ActiveCfg = Debug|Any CPU
		{980D0E9B-B9CB-03B6-D34C-75B708D1B47E}.Debug|Any CPU.Build.0 = Debug|Any CPU
		{980D0E9B-B9CB-03B6-D34C-75B708D1B47E}.Release|Any CPU.ActiveCfg = Release|Any CPU
		{980D0E9B-B9CB-03B6-D34C-75B708D1B47E}.Release|Any CPU.Build.0 = Release|Any CPU
	EndGlobalSection
	GlobalSection(SolutionProperties) = preSolution
		HideSolutionNode = FALSE
	EndGlobalSection
	GlobalSection(ExtensibilityGlobals) = postSolution
		SolutionGuid = {ABCDEE38-7108-4CE1-B92E-17013D3D50AC}
	EndGlobalSection
EndGlobal
