
Microsoft Visual Studio Solution File, Format Version 12.00
# Visual Studio Version 17
VisualStudioVersion = 17.12.35527.113
MinimumVisualStudioVersion = 10.0.40219.1
Project("{FAE04EC0-301F-11D3-BF4B-00C04F79EFBC}") = "1.Entrada Saida de dados e conversoes", "1.Entrada Saida de dados e conversoes\1.Entrada Saida de dados e conversoes.csproj", "{1D0B841D-A04A-4AD6-B2A8-347370021CB3}"
EndProject
Project("{FAE04EC0-301F-11D3-BF4B-00C04F79EFBC}") = "2.Tipos de dados E Operacoes", "2.Tipos de dados E Operacoes\2.Tipos de dados E Operacoes.csproj", "{06D42917-40E8-4E28-9AB7-CC02E9268A0B}"
EndProject
Project("{FAE04EC0-301F-11D3-BF4B-00C04F79EFBC}") = "3.Conversão de Dados", "3.Conversão de Dados\3.Conversão de Dados.csproj", "{1E3BBE4E-1A84-44CC-BE2B-9B8596A6DB12}"
EndProject
Project("{FAE04EC0-301F-11D3-BF4B-00C04F79EFBC}") = "4.Vetores Foreach e listas", "4.Vetores Foreach e listas\4.Vetores Foreach e listas.csproj", "{3CAFEC24-279D-474E-95B2-4107E112CAAA}"
EndProject
Project("{FAE04EC0-301F-11D3-BF4B-00C04F79EFBC}") = "5. Estruturas de Decisao", "5. Estruturas de Decisao\5. Estruturas de Decisao.csproj", "{7B35BF6A-3F5D-47BD-8CCE-FA26CCE1E62F}"
EndProject
Project("{FAE04EC0-301F-11D3-BF4B-00C04F79EFBC}") = "6.Estrutura das Classes", "6.Estrutura das Classes\6.Estrutura das Classes.csproj", "{E3D57825-C143-4C29-ADF9-93D38E856A8F}"
EndProject
Project("{2150E333-8FDC-42A3-9474-1A3956D46DE8}") = "Basico", "Basico", "{02EA681E-C7D8-13C7-8484-4AC65E1B71E8}"
	ProjectSection(SolutionItems) = preProject
		Tipos de coleções.txt = Tipos de coleções.txt
	EndProjectSection
EndProject
Project("{2150E333-8FDC-42A3-9474-1A3956D46DE8}") = "Classes e POO", "Classes e POO", "{D5CA9866-B371-4608-90B3-6B2F9575D6DD}"
	ProjectSection(SolutionItems) = preProject
		Delegates.txt = Delegates.txt
		Sobre Modificadores.txt = Sobre Modificadores.txt
	EndProjectSection
EndProject
Project("{FAE04EC0-301F-11D3-BF4B-00C04F79EFBC}") = "7.Classe Parcial Formatacao e Cultura", "8.Classes Parciais\7.Classe Parcial Formatacao e Cultura.csproj", "{0A89F80C-CCA1-42F9-ABF6-76959EFD719F}"
EndProject
Project("{FAE04EC0-301F-11D3-BF4B-00C04F79EFBC}") = "Arquivos e Exception", "5.Arquivos\Arquivos e Exception.csproj", "{9FA0E54D-B1B6-41AA-9B06-A7F6FF9E0A82}"
EndProject
Project("{FAE04EC0-301F-11D3-BF4B-00C04F79EFBC}") = "9.Colecoes", "9.Colecoes\9.Colecoes.csproj", "{57CCE3B4-7DD8-4E8D-B21F-ADE25804886D}"
EndProject
Project("{FAE04EC0-301F-11D3-BF4B-00C04F79EFBC}") = "10.Tuplas", "10.Tuplas\10.Tuplas.csproj", "{F700B9CA-A13E-4019-93E1-32A677A4F681}"
EndProject
Project("{FAE04EC0-301F-11D3-BF4B-00C04F79EFBC}") = "11.Desconstruct", "11.Desconstruct\11.Desconstruct.csproj", "{746032E7-34EC-463B-89A6-B724F23A3EBF}"
EndProject
Project("{FAE04EC0-301F-11D3-BF4B-00C04F79EFBC}") = "Serializacao", "12.Serializacao\Serializacao.csproj", "{13EFCE94-7A5D-4ACF-9A94-3EBA032157F2}"
EndProject
Project("{2150E333-8FDC-42A3-9474-1A3956D46DE8}") = "Extras", "Extras", "{765D2CA7-955A-4CC4-AAF1-BC161EEADABA}"
EndProject
Project("{FAE04EC0-301F-11D3-BF4B-00C04F79EFBC}") = "13.Heranca", "13.Heranca\13.Heranca.csproj", "{E66C067E-34E1-A675-7DCF-CA87475DA6B9}"
EndProject
Project("{FAE04EC0-301F-11D3-BF4B-00C04F79EFBC}") = "14.API", "14.API\14.API.csproj", "{4FA7FA00-F49D-76EC-6893-B45272CB0599}"
EndProject
Project("{2150E333-8FDC-42A3-9474-1A3956D46DE8}") = "API", "API", "{7B742264-95ED-4420-8624-9B38DFC1F2F7}"
EndProject
Project("{FAE04EC0-301F-11D3-BF4B-00C04F79EFBC}") = "15. Consumo de API", "15.Consumo de API\MinhaPrimeiraAPI\15. Consumo de API.csproj", "{817982FC-1866-E5AD-B245-59E1C826390E}"
EndProject
Project("{FAE04EC0-301F-11D3-BF4B-00C04F79EFBC}") = "16.API Dio + JWT", "16.minimal-api-main\Api\16.API Dio + JWT.csproj", "{1CBD7C91-2E7D-8AD0-3D46-87475283B2B5}"
EndProject
Project("{FAE04EC0-301F-11D3-BF4B-00C04F79EFBC}") = "17.Entity", "17.Entity\17.Entity.csproj", "{1E0E47AC-B370-D85E-A154-CD14A93E6ADA}"
EndProject
Project("{FAE04EC0-301F-11D3-BF4B-00C04F79EFBC}") = "18.Recursividade", "18.Recursividade\18.Recursividade.csproj", "{9FBE6F92-FB03-B237-89C3-846EA8419046}"
EndProject
Project("{2150E333-8FDC-42A3-9474-1A3956D46DE8}") = "Atividades", "Atividades", "{63FD2CE1-D6EE-4782-9B6F-91B8D4094699}"
EndProject
Project("{FAE04EC0-301F-11D3-BF4B-00C04F79EFBC}") = "1.ConversorTemperaturas", "0.Atividades Estudos\1.ConversorTemperatura\1.ConversorTemperaturas.csproj", "{207D0162-F08D-45D4-82F5-A08CE25B09C1}"
EndProject
Project("{FAE04EC0-301F-11D3-BF4B-00C04F79EFBC}") = "2.MultiplicandoMatrizes", "0.Atividades Estudos\2.MultiplicandoMatrizes\2.MultiplicandoMatrizes.csproj", "{1B0B3411-EC81-49DB-ADD4-210BBA51AC89}"
EndProject
Project("{FAE04EC0-301F-11D3-BF4B-00C04F79EFBC}") = "3.Estacionamento", "0.Atividades Estudos\4.Estacionamento\3.Estacionamento.csproj", "{040B65E9-B574-42A2-809B-2F5CC0A78A77}"
EndProject
Project("{2150E333-8FDC-42A3-9474-1A3956D46DE8}") = "Windows Forms", "Windows Forms", "{6A91CDAD-DE98-4300-B162-569F87F2E822}"
EndProject
Project("{FAE04EC0-301F-11D3-BF4B-00C04F79EFBC}") = "19.Forms", "Forms\19. Forms\19.Forms.csproj", "{09EB0E28-9D3A-40B0-A233-0E7ACFC44521}"
EndProject
Project("{FAE04EC0-301F-11D3-BF4B-00C04F79EFBC}") = "20.Colecoes_Forms", "Forms\20. Listas - Forms\20.Colecoes_Forms.csproj", "{FC49C68E-383B-4F22-A68C-424699402819}"
EndProject
Project("{FAE04EC0-301F-11D3-BF4B-00C04F79EFBC}") = "21.EstudoForms", "Forms\21.EstudoForms\21.EstudoForms.csproj", "{FC114563-DCD1-42ED-A9D8-E171102A659F}"
EndProject
Project("{FAE04EC0-301F-11D3-BF4B-00C04F79EFBC}") = "22.TaskApp", "22.Task\22.TaskApp.csproj", "{B9132634-9BF4-BAAB-7755-90C83C8C44CF}"
EndProject
Project("{FAE04EC0-301F-11D3-BF4B-00C04F79EFBC}") = "23.Thread", "23.Thread\23.Thread.csproj", "{57F4A229-9287-D69B-6478-4B469B54906B}"
EndProject
Project("{FAE04EC0-301F-11D3-BF4B-00C04F79EFBC}") = "23.ThreadForms", "Forms\24.ThreadForms\23.ThreadForms.csproj", "{57B7933E-7378-4B25-BFF4-D2BB751D1F36}"
EndProject
Project("{FAE04EC0-301F-11D3-BF4B-00C04F79EFBC}") = "24.Forms Detalhes", "24.Forms Detalhes\24.Forms Detalhes.csproj", "{B8682AF2-7A3E-4BA3-95E7-2855647DA1F7}"
EndProject
Project("{FAE04EC0-301F-11D3-BF4B-00C04F79EFBC}") = "25.FormControle", "25.FormControle\25.FormControle.csproj", "{E2CCEC18-4F19-42CA-9A7C-6ACAF8499154}"
EndProject
Project("{FAE04EC0-301F-11D3-BF4B-00C04F79EFBC}") = "26.FormMdiContainer", "26.FormContainer\26.FormMdiContainer.csproj", "{0D85B482-41E4-434A-BF3D-6B8F853651A8}"
EndProject
Project("{FAE04EC0-301F-11D3-BF4B-00C04F79EFBC}") = "27.DetalhesForms", "27.DetalhesForms\27.DetalhesForms.csproj", "{1C765F00-6468-4769-83FC-AAEFBA7222AC}"
EndProject
Project("{FAE04EC0-301F-11D3-BF4B-00C04F79EFBC}") = "28.DetalhesFormsPt2", "28.DetalhesFormsPt2\28.DetalhesFormsPt2.csproj", "{E01CF6EA-94BB-43C9-B427-3BDF15A640EB}"
EndProject
Project("{FAE04EC0-301F-11D3-BF4B-00C04F79EFBC}") = "29.DetalhesdasFormsPt3", "29.DetalhesdasForms\29.DetalhesdasFormsPt3.csproj", "{44E76F6A-0311-44EA-B064-A56CCA733022}"
EndProject
Project("{FAE04EC0-301F-11D3-BF4B-00C04F79EFBC}") = "30.DetalhesdasFormsPt4", "30.ControledasFormsPt4\30.DetalhesdasFormsPt4.csproj", "{AF7CE984-3B45-4A0C-A118-2CD2D52D34BC}"
EndProject
Project("{FAE04EC0-301F-11D3-BF4B-00C04F79EFBC}") = "31.TryCatch", "31.TryCatch\31.TryCatch.csproj", "{F9895B8E-5C3C-495C-A2B0-75DA82E3C88F}"
EndProject
Project("{2150E333-8FDC-42A3-9474-1A3956D46DE8}") = "Manipulando Arquivos e Pastas", "Manipulando Arquivos e Pastas", "{5F3C5DAE-FBDB-4466-973D-ED215DCE31E9}"
EndProject
Project("{FAE04EC0-301F-11D3-BF4B-00C04F79EFBC}") = "32.Arquivos", "32.Arquivos\32.Arquivos.csproj", "{7F211606-059E-4A1A-BC50-014BDC3689A8}"
EndProject
Project("{FAE04EC0-301F-11D3-BF4B-00C04F79EFBC}") = "33.Writer", "33.Writer\33.Writer.csproj", "{5FC43B9B-2EAA-4515-9B4E-DFF5AFB3F781}"
EndProject
Project("{2150E333-8FDC-42A3-9474-1A3956D46DE8}") = "BD", "BD", "{7A80F1A2-6EEF-4FD9-993F-2E987901D070}"
EndProject
Project("{FAE04EC0-301F-11D3-BF4B-00C04F79EFBC}") = "34.Bases de dados", "34.Bases de dados\34.Bases de dados.csproj", "{F124136C-64FB-454F-98A6-3BE366140260}"
EndProject
Project("{2150E333-8FDC-42A3-9474-1A3956D46DE8}") = "LINQ", "LINQ", "{FA58510A-E24F-451E-9F13-125A554122FD}"
EndProject
Project("{FAE04EC0-301F-11D3-BF4B-00C04F79EFBC}") = "35.LINQ", "LINQ\35.LINQ.csproj", "{7121D318-2117-451D-85A3-785EAD7F15F3}"
EndProject
Project("{2150E333-8FDC-42A3-9474-1A3956D46DE8}") = "Graficos", "Graficos", "{FADEF5BB-3D88-4E4E-94F5-0CFC8E395280}"
EndProject
Project("{FAE04EC0-301F-11D3-BF4B-00C04F79EFBC}") = "36.GdiPlus", "36.GdiPlus\36.GdiPlus.csproj", "{39B19ABD-140A-49B9-A8C8-2712E20869FD}"
EndProject
Project("{2150E333-8FDC-42A3-9474-1A3956D46DE8}") = "Imprimindo", "Imprimindo", "{9F6ED5BE-07E2-459F-BBBD-0A8861AECE5A}"
EndProject
Project("{FAE04EC0-301F-11D3-BF4B-00C04F79EFBC}") = "37.Imprimindo", "37.Imprimindo\37.Imprimindo.csproj", "{040DABBD-28FC-4A55-8059-482ED473E95F}"
EndProject
Project("{2150E333-8FDC-42A3-9474-1A3956D46DE8}") = "Cliente-Servidor", "Cliente-Servidor", "{F635A24B-E1D6-4FCE-9BB6-8A62B8A6AFB3}"
EndProject
Project("{FAE04EC0-301F-11D3-BF4B-00C04F79EFBC}") = "38.SocketServer", "38.SocketServer\38.SocketServer.csproj", "{755A443A-8AD1-49AC-9919-B5AF801EB053}"
EndProject
Project("{FAE04EC0-301F-11D3-BF4B-00C04F79EFBC}") = "39.SocketCliente", "39.SocketCliente\39.SocketCliente.csproj", "{4B999D04-70A5-4458-ADA8-82BAC6EEEA90}"
EndProject
Project("{FAE04EC0-301F-11D3-BF4B-00C04F79EFBC}") = "40.ServidorDeArquivos", "ServidorDeArquivos\40.ServidorDeArquivos.csproj", "{14FED7F0-C2BB-4935-9F22-92BC6B224B95}"
EndProject
Project("{FAE04EC0-301F-11D3-BF4B-00C04F79EFBC}") = "41.ClienteDeArquivos", "41.ClienteDeArquivos\41.ClienteDeArquivos.csproj", "{61DFF292-7E86-42BB-AADC-BD1C1BC4C1F4}"
EndProject
Project("{2150E333-8FDC-42A3-9474-1A3956D46DE8}") = "Sockets", "Sockets", "{B75AAB30-C30F-42A8-A765-C561399E3851}"
EndProject
Project("{2150E333-8FDC-42A3-9474-1A3956D46DE8}") = "Envio e recebimento de arquivos", "Envio e recebimento de arquivos", "{379A765B-5886-40CA-8EBC-30475926CA5F}"
EndProject
Project("{2150E333-8FDC-42A3-9474-1A3956D46DE8}") = "Chat", "Chat", "{A1A5E6D0-0E77-4040-9208-5F04F8C49037}"
EndProject
Project("{FAE04EC0-301F-11D3-BF4B-00C04F79EFBC}") = "42.Servidor de Chat", "42.Servidor de Chat\42.Servidor de Chat.csproj", "{B3EC5DA3-04B1-47B4-AE2F-B280AAEBA67E}"
EndProject
Project("{FAE04EC0-301F-11D3-BF4B-00C04F79EFBC}") = "43.Client de chat", "43.Client de chat\43.Client de chat.csproj", "{E1B8B1A8-324F-4730-8F89-F7991B78ABB4}"
EndProject
Project("{FAE04EC0-301F-11D3-BF4B-00C04F79EFBC}") = "44.HashMd5", "44.HashMd5\44.HashMd5.csproj", "{D5A9C2C0-6143-4DA9-BC77-2AEA1192881E}"
EndProject
Project("{2150E333-8FDC-42A3-9474-1A3956D46DE8}") = "Criptografia", "Criptografia", "{AE55DCDD-EBEE-4F16-867B-3A8001BD9D03}"
EndProject
Project("{FAE04EC0-301F-11D3-BF4B-00C04F79EFBC}") = "45.CriptoGuardian", "45.CriptoGuardian\45.CriptoGuardian.csproj", "{422C8F15-6D63-4841-BB83-A86BA7C43158}"
EndProject
Project("{2150E333-8FDC-42A3-9474-1A3956D46DE8}") = "Assyncrona", "Assyncrona", "{D4CF42E1-A6A4-464D-A56F-D5890484F5B1}"
	ProjectSection(SolutionItems) = preProject
		Sobre.txt = Sobre.txt
	EndProjectSection
EndProject
Project("{FAE04EC0-301F-11D3-BF4B-00C04F79EFBC}") = "46.AsyncExemplo", "46.AsyncExemplo\46.AsyncExemplo.csproj", "{16A5F86A-A61E-4145-8ECB-5ECE0584896F}"
EndProject
Project("{2150E333-8FDC-42A3-9474-1A3956D46DE8}") = "Lambda", "Lambda", "{6B12B80C-64D1-4292-918C-FD475C9E55E7}"
EndProject
Project("{FAE04EC0-301F-11D3-BF4B-00C04F79EFBC}") = "47.Lamdba", "47.Lamdba\47.Lamdba.csproj", "{BA7BEC41-8767-4E87-B6D5-B4A24F305173}"
EndProject
Project("{FAE04EC0-301F-11D3-BF4B-00C04F79EFBC}") = "48.CapturarTeclas", "48.CapturarTeclas\48.CapturarTeclas.csproj", "{549EB9B5-8279-4445-901B-F3B7CADBA1A0}"
EndProject
Project("{2150E333-8FDC-42A3-9474-1A3956D46DE8}") = "Asp.Net", "Asp.Net", "{01F54D63-EC8B-4EA4-98EC-931C3C1BABF0}"
EndProject
Project("{FAE04EC0-301F-11D3-BF4B-00C04F79EFBC}") = "49.HelloWorld", "49.HelloWorld\49.HelloWorld.csproj", "{EDB73057-F46A-44E4-865A-C6831B26517C}"
EndProject
Project("{FAE04EC0-301F-11D3-BF4B-00C04F79EFBC}") = "RazorFilmes", "50.RazorFilmes\RazorFilmes.csproj", "{21E9EB67-E418-C8E2-0065-C2474B850DCC}"
EndProject
Project("{FAE04EC0-301F-11D3-BF4B-00C04F79EFBC}") = "POOSimples", "POOSimples\POOSimples.csproj", "{D84BA07F-A7C4-412D-8474-64CBF8901D78}"
EndProject
Project("{FAE04EC0-301F-11D3-BF4B-00C04F79EFBC}") = "Inverter", "Inverter\Inverter.csproj", "{AD99E3C4-6E7B-46BC-9704-BA28CCBC0187}"
EndProject
Project("{FAE04EC0-301F-11D3-BF4B-00C04F79EFBC}") = "Sobrecarga", "Sobrecarga\Sobrecarga.csproj", "{A6DC1809-6F1B-4DA6-B733-9C86A2BD8C9C}"
EndProject
Global
	GlobalSection(SolutionConfigurationPlatforms) = preSolution
		Debug|Any CPU = Debug|Any CPU
		Release|Any CPU = Release|Any CPU
	EndGlobalSection
	GlobalSection(ProjectConfigurationPlatforms) = postSolution
		{1D0B841D-A04A-4AD6-B2A8-347370021CB3}.Debug|Any CPU.ActiveCfg = Debug|Any CPU
		{1D0B841D-A04A-4AD6-B2A8-347370021CB3}.Debug|Any CPU.Build.0 = Debug|Any CPU
		{1D0B841D-A04A-4AD6-B2A8-347370021CB3}.Release|Any CPU.ActiveCfg = Release|Any CPU
		{1D0B841D-A04A-4AD6-B2A8-347370021CB3}.Release|Any CPU.Build.0 = Release|Any CPU
		{06D42917-40E8-4E28-9AB7-CC02E9268A0B}.Debug|Any CPU.ActiveCfg = Debug|Any CPU
		{06D42917-40E8-4E28-9AB7-CC02E9268A0B}.Debug|Any CPU.Build.0 = Debug|Any CPU
		{06D42917-40E8-4E28-9AB7-CC02E9268A0B}.Release|Any CPU.ActiveCfg = Release|Any CPU
		{06D42917-40E8-4E28-9AB7-CC02E9268A0B}.Release|Any CPU.Build.0 = Release|Any CPU
		{1E3BBE4E-1A84-44CC-BE2B-9B8596A6DB12}.Debug|Any CPU.ActiveCfg = Debug|Any CPU
		{1E3BBE4E-1A84-44CC-BE2B-9B8596A6DB12}.Debug|Any CPU.Build.0 = Debug|Any CPU
		{1E3BBE4E-1A84-44CC-BE2B-9B8596A6DB12}.Release|Any CPU.ActiveCfg = Release|Any CPU
		{1E3BBE4E-1A84-44CC-BE2B-9B8596A6DB12}.Release|Any CPU.Build.0 = Release|Any CPU
		{3CAFEC24-279D-474E-95B2-4107E112CAAA}.Debug|Any CPU.ActiveCfg = Debug|Any CPU
		{3CAFEC24-279D-474E-95B2-4107E112CAAA}.Debug|Any CPU.Build.0 = Debug|Any CPU
		{3CAFEC24-279D-474E-95B2-4107E112CAAA}.Release|Any CPU.ActiveCfg = Release|Any CPU
		{3CAFEC24-279D-474E-95B2-4107E112CAAA}.Release|Any CPU.Build.0 = Release|Any CPU
		{7B35BF6A-3F5D-47BD-8CCE-FA26CCE1E62F}.Debug|Any CPU.ActiveCfg = Debug|Any CPU
		{7B35BF6A-3F5D-47BD-8CCE-FA26CCE1E62F}.Debug|Any CPU.Build.0 = Debug|Any CPU
		{7B35BF6A-3F5D-47BD-8CCE-FA26CCE1E62F}.Release|Any CPU.ActiveCfg = Release|Any CPU
		{7B35BF6A-3F5D-47BD-8CCE-FA26CCE1E62F}.Release|Any CPU.Build.0 = Release|Any CPU
		{E3D57825-C143-4C29-ADF9-93D38E856A8F}.Debug|Any CPU.ActiveCfg = Debug|Any CPU
		{E3D57825-C143-4C29-ADF9-93D38E856A8F}.Debug|Any CPU.Build.0 = Debug|Any CPU
		{E3D57825-C143-4C29-ADF9-93D38E856A8F}.Release|Any CPU.ActiveCfg = Release|Any CPU
		{E3D57825-C143-4C29-ADF9-93D38E856A8F}.Release|Any CPU.Build.0 = Release|Any CPU
		{0A89F80C-CCA1-42F9-ABF6-76959EFD719F}.Debug|Any CPU.ActiveCfg = Debug|Any CPU
		{0A89F80C-CCA1-42F9-ABF6-76959EFD719F}.Debug|Any CPU.Build.0 = Debug|Any CPU
		{0A89F80C-CCA1-42F9-ABF6-76959EFD719F}.Release|Any CPU.ActiveCfg = Release|Any CPU
		{0A89F80C-CCA1-42F9-ABF6-76959EFD719F}.Release|Any CPU.Build.0 = Release|Any CPU
		{9FA0E54D-B1B6-41AA-9B06-A7F6FF9E0A82}.Debug|Any CPU.ActiveCfg = Debug|Any CPU
		{9FA0E54D-B1B6-41AA-9B06-A7F6FF9E0A82}.Debug|Any CPU.Build.0 = Debug|Any CPU
		{9FA0E54D-B1B6-41AA-9B06-A7F6FF9E0A82}.Release|Any CPU.ActiveCfg = Release|Any CPU
		{9FA0E54D-B1B6-41AA-9B06-A7F6FF9E0A82}.Release|Any CPU.Build.0 = Release|Any CPU
		{57CCE3B4-7DD8-4E8D-B21F-ADE25804886D}.Debug|Any CPU.ActiveCfg = Debug|Any CPU
		{57CCE3B4-7DD8-4E8D-B21F-ADE25804886D}.Debug|Any CPU.Build.0 = Debug|Any CPU
		{57CCE3B4-7DD8-4E8D-B21F-ADE25804886D}.Release|Any CPU.ActiveCfg = Release|Any CPU
		{57CCE3B4-7DD8-4E8D-B21F-ADE25804886D}.Release|Any CPU.Build.0 = Release|Any CPU
		{F700B9CA-A13E-4019-93E1-32A677A4F681}.Debug|Any CPU.ActiveCfg = Debug|Any CPU
		{F700B9CA-A13E-4019-93E1-32A677A4F681}.Debug|Any CPU.Build.0 = Debug|Any CPU
		{F700B9CA-A13E-4019-93E1-32A677A4F681}.Release|Any CPU.ActiveCfg = Release|Any CPU
		{F700B9CA-A13E-4019-93E1-32A677A4F681}.Release|Any CPU.Build.0 = Release|Any CPU
		{746032E7-34EC-463B-89A6-B724F23A3EBF}.Debug|Any CPU.ActiveCfg = Debug|Any CPU
		{746032E7-34EC-463B-89A6-B724F23A3EBF}.Debug|Any CPU.Build.0 = Debug|Any CPU
		{746032E7-34EC-463B-89A6-B724F23A3EBF}.Release|Any CPU.ActiveCfg = Release|Any CPU
		{746032E7-34EC-463B-89A6-B724F23A3EBF}.Release|Any CPU.Build.0 = Release|Any CPU
		{13EFCE94-7A5D-4ACF-9A94-3EBA032157F2}.Debug|Any CPU.ActiveCfg = Debug|Any CPU
		{13EFCE94-7A5D-4ACF-9A94-3EBA032157F2}.Debug|Any CPU.Build.0 = Debug|Any CPU
		{13EFCE94-7A5D-4ACF-9A94-3EBA032157F2}.Release|Any CPU.ActiveCfg = Release|Any CPU
		{13EFCE94-7A5D-4ACF-9A94-3EBA032157F2}.Release|Any CPU.Build.0 = Release|Any CPU
		{E66C067E-34E1-A675-7DCF-CA87475DA6B9}.Debug|Any CPU.ActiveCfg = Debug|Any CPU
		{E66C067E-34E1-A675-7DCF-CA87475DA6B9}.Debug|Any CPU.Build.0 = Debug|Any CPU
		{E66C067E-34E1-A675-7DCF-CA87475DA6B9}.Release|Any CPU.ActiveCfg = Release|Any CPU
		{E66C067E-34E1-A675-7DCF-CA87475DA6B9}.Release|Any CPU.Build.0 = Release|Any CPU
		{4FA7FA00-F49D-76EC-6893-B45272CB0599}.Debug|Any CPU.ActiveCfg = Debug|Any CPU
		{4FA7FA00-F49D-76EC-6893-B45272CB0599}.Debug|Any CPU.Build.0 = Debug|Any CPU
		{4FA7FA00-F49D-76EC-6893-B45272CB0599}.Release|Any CPU.ActiveCfg = Release|Any CPU
		{4FA7FA00-F49D-76EC-6893-B45272CB0599}.Release|Any CPU.Build.0 = Release|Any CPU
		{817982FC-1866-E5AD-B245-59E1C826390E}.Debug|Any CPU.ActiveCfg = Debug|Any CPU
		{817982FC-1866-E5AD-B245-59E1C826390E}.Debug|Any CPU.Build.0 = Debug|Any CPU
		{817982FC-1866-E5AD-B245-59E1C826390E}.Release|Any CPU.ActiveCfg = Release|Any CPU
		{817982FC-1866-E5AD-B245-59E1C826390E}.Release|Any CPU.Build.0 = Release|Any CPU
		{1CBD7C91-2E7D-8AD0-3D46-87475283B2B5}.Debug|Any CPU.ActiveCfg = Debug|Any CPU
		{1CBD7C91-2E7D-8AD0-3D46-87475283B2B5}.Debug|Any CPU.Build.0 = Debug|Any CPU
		{1CBD7C91-2E7D-8AD0-3D46-87475283B2B5}.Release|Any CPU.ActiveCfg = Release|Any CPU
		{1CBD7C91-2E7D-8AD0-3D46-87475283B2B5}.Release|Any CPU.Build.0 = Release|Any CPU
		{1E0E47AC-B370-D85E-A154-CD14A93E6ADA}.Debug|Any CPU.ActiveCfg = Debug|Any CPU
		{1E0E47AC-B370-D85E-A154-CD14A93E6ADA}.Debug|Any CPU.Build.0 = Debug|Any CPU
		{1E0E47AC-B370-D85E-A154-CD14A93E6ADA}.Release|Any CPU.ActiveCfg = Release|Any CPU
		{1E0E47AC-B370-D85E-A154-CD14A93E6ADA}.Release|Any CPU.Build.0 = Release|Any CPU
		{9FBE6F92-FB03-B237-89C3-846EA8419046}.Debug|Any CPU.ActiveCfg = Debug|Any CPU
		{9FBE6F92-FB03-B237-89C3-846EA8419046}.Debug|Any CPU.Build.0 = Debug|Any CPU
		{9FBE6F92-FB03-B237-89C3-846EA8419046}.Release|Any CPU.ActiveCfg = Release|Any CPU
		{9FBE6F92-FB03-B237-89C3-846EA8419046}.Release|Any CPU.Build.0 = Release|Any CPU
		{207D0162-F08D-45D4-82F5-A08CE25B09C1}.Debug|Any CPU.ActiveCfg = Debug|Any CPU
		{207D0162-F08D-45D4-82F5-A08CE25B09C1}.Debug|Any CPU.Build.0 = Debug|Any CPU
		{207D0162-F08D-45D4-82F5-A08CE25B09C1}.Release|Any CPU.ActiveCfg = Release|Any CPU
		{207D0162-F08D-45D4-82F5-A08CE25B09C1}.Release|Any CPU.Build.0 = Release|Any CPU
		{1B0B3411-EC81-49DB-ADD4-210BBA51AC89}.Debug|Any CPU.ActiveCfg = Debug|Any CPU
		{1B0B3411-EC81-49DB-ADD4-210BBA51AC89}.Debug|Any CPU.Build.0 = Debug|Any CPU
		{1B0B3411-EC81-49DB-ADD4-210BBA51AC89}.Release|Any CPU.ActiveCfg = Release|Any CPU
		{1B0B3411-EC81-49DB-ADD4-210BBA51AC89}.Release|Any CPU.Build.0 = Release|Any CPU
		{040B65E9-B574-42A2-809B-2F5CC0A78A77}.Debug|Any CPU.ActiveCfg = Debug|Any CPU
		{040B65E9-B574-42A2-809B-2F5CC0A78A77}.Debug|Any CPU.Build.0 = Debug|Any CPU
		{040B65E9-B574-42A2-809B-2F5CC0A78A77}.Release|Any CPU.ActiveCfg = Release|Any CPU
		{040B65E9-B574-42A2-809B-2F5CC0A78A77}.Release|Any CPU.Build.0 = Release|Any CPU
		{09EB0E28-9D3A-40B0-A233-0E7ACFC44521}.Debug|Any CPU.ActiveCfg = Debug|Any CPU
		{09EB0E28-9D3A-40B0-A233-0E7ACFC44521}.Debug|Any CPU.Build.0 = Debug|Any CPU
		{09EB0E28-9D3A-40B0-A233-0E7ACFC44521}.Release|Any CPU.ActiveCfg = Release|Any CPU
		{09EB0E28-9D3A-40B0-A233-0E7ACFC44521}.Release|Any CPU.Build.0 = Release|Any CPU
		{FC49C68E-383B-4F22-A68C-424699402819}.Debug|Any CPU.ActiveCfg = Debug|Any CPU
		{FC49C68E-383B-4F22-A68C-424699402819}.Debug|Any CPU.Build.0 = Debug|Any CPU
		{FC49C68E-383B-4F22-A68C-424699402819}.Release|Any CPU.ActiveCfg = Release|Any CPU
		{FC49C68E-383B-4F22-A68C-424699402819}.Release|Any CPU.Build.0 = Release|Any CPU
		{FC114563-DCD1-42ED-A9D8-E171102A659F}.Debug|Any CPU.ActiveCfg = Debug|Any CPU
		{FC114563-DCD1-42ED-A9D8-E171102A659F}.Debug|Any CPU.Build.0 = Debug|Any CPU
		{FC114563-DCD1-42ED-A9D8-E171102A659F}.Release|Any CPU.ActiveCfg = Release|Any CPU
		{FC114563-DCD1-42ED-A9D8-E171102A659F}.Release|Any CPU.Build.0 = Release|Any CPU
		{B9132634-9BF4-BAAB-7755-90C83C8C44CF}.Debug|Any CPU.ActiveCfg = Debug|Any CPU
		{B9132634-9BF4-BAAB-7755-90C83C8C44CF}.Debug|Any CPU.Build.0 = Debug|Any CPU
		{B9132634-9BF4-BAAB-7755-90C83C8C44CF}.Release|Any CPU.ActiveCfg = Release|Any CPU
		{B9132634-9BF4-BAAB-7755-90C83C8C44CF}.Release|Any CPU.Build.0 = Release|Any CPU
		{57F4A229-9287-D69B-6478-4B469B54906B}.Debug|Any CPU.ActiveCfg = Debug|Any CPU
		{57F4A229-9287-D69B-6478-4B469B54906B}.Debug|Any CPU.Build.0 = Debug|Any CPU
		{57F4A229-9287-D69B-6478-4B469B54906B}.Release|Any CPU.ActiveCfg = Release|Any CPU
		{57F4A229-9287-D69B-6478-4B469B54906B}.Release|Any CPU.Build.0 = Release|Any CPU
		{57B7933E-7378-4B25-BFF4-D2BB751D1F36}.Debug|Any CPU.ActiveCfg = Debug|Any CPU
		{57B7933E-7378-4B25-BFF4-D2BB751D1F36}.Debug|Any CPU.Build.0 = Debug|Any CPU
		{57B7933E-7378-4B25-BFF4-D2BB751D1F36}.Release|Any CPU.ActiveCfg = Release|Any CPU
		{57B7933E-7378-4B25-BFF4-D2BB751D1F36}.Release|Any CPU.Build.0 = Release|Any CPU
		{B8682AF2-7A3E-4BA3-95E7-2855647DA1F7}.Debug|Any CPU.ActiveCfg = Debug|Any CPU
		{B8682AF2-7A3E-4BA3-95E7-2855647DA1F7}.Debug|Any CPU.Build.0 = Debug|Any CPU
		{B8682AF2-7A3E-4BA3-95E7-2855647DA1F7}.Release|Any CPU.ActiveCfg = Release|Any CPU
		{B8682AF2-7A3E-4BA3-95E7-2855647DA1F7}.Release|Any CPU.Build.0 = Release|Any CPU
		{E2CCEC18-4F19-42CA-9A7C-6ACAF8499154}.Debug|Any CPU.ActiveCfg = Debug|Any CPU
		{E2CCEC18-4F19-42CA-9A7C-6ACAF8499154}.Debug|Any CPU.Build.0 = Debug|Any CPU
		{E2CCEC18-4F19-42CA-9A7C-6ACAF8499154}.Release|Any CPU.ActiveCfg = Release|Any CPU
		{E2CCEC18-4F19-42CA-9A7C-6ACAF8499154}.Release|Any CPU.Build.0 = Release|Any CPU
		{0D85B482-41E4-434A-BF3D-6B8F853651A8}.Debug|Any CPU.ActiveCfg = Debug|Any CPU
		{0D85B482-41E4-434A-BF3D-6B8F853651A8}.Debug|Any CPU.Build.0 = Debug|Any CPU
		{0D85B482-41E4-434A-BF3D-6B8F853651A8}.Release|Any CPU.ActiveCfg = Release|Any CPU
		{0D85B482-41E4-434A-BF3D-6B8F853651A8}.Release|Any CPU.Build.0 = Release|Any CPU
		{1C765F00-6468-4769-83FC-AAEFBA7222AC}.Debug|Any CPU.ActiveCfg = Debug|Any CPU
		{1C765F00-6468-4769-83FC-AAEFBA7222AC}.Debug|Any CPU.Build.0 = Debug|Any CPU
		{1C765F00-6468-4769-83FC-AAEFBA7222AC}.Release|Any CPU.ActiveCfg = Release|Any CPU
		{1C765F00-6468-4769-83FC-AAEFBA7222AC}.Release|Any CPU.Build.0 = Release|Any CPU
		{E01CF6EA-94BB-43C9-B427-3BDF15A640EB}.Debug|Any CPU.ActiveCfg = Debug|Any CPU
		{E01CF6EA-94BB-43C9-B427-3BDF15A640EB}.Debug|Any CPU.Build.0 = Debug|Any CPU
		{E01CF6EA-94BB-43C9-B427-3BDF15A640EB}.Release|Any CPU.ActiveCfg = Release|Any CPU
		{E01CF6EA-94BB-43C9-B427-3BDF15A640EB}.Release|Any CPU.Build.0 = Release|Any CPU
		{44E76F6A-0311-44EA-B064-A56CCA733022}.Debug|Any CPU.ActiveCfg = Debug|Any CPU
		{44E76F6A-0311-44EA-B064-A56CCA733022}.Debug|Any CPU.Build.0 = Debug|Any CPU
		{44E76F6A-0311-44EA-B064-A56CCA733022}.Release|Any CPU.ActiveCfg = Release|Any CPU
		{44E76F6A-0311-44EA-B064-A56CCA733022}.Release|Any CPU.Build.0 = Release|Any CPU
		{AF7CE984-3B45-4A0C-A118-2CD2D52D34BC}.Debug|Any CPU.ActiveCfg = Debug|Any CPU
		{AF7CE984-3B45-4A0C-A118-2CD2D52D34BC}.Debug|Any CPU.Build.0 = Debug|Any CPU
		{AF7CE984-3B45-4A0C-A118-2CD2D52D34BC}.Release|Any CPU.ActiveCfg = Release|Any CPU
		{AF7CE984-3B45-4A0C-A118-2CD2D52D34BC}.Release|Any CPU.Build.0 = Release|Any CPU
		{F9895B8E-5C3C-495C-A2B0-75DA82E3C88F}.Debug|Any CPU.ActiveCfg = Debug|Any CPU
		{F9895B8E-5C3C-495C-A2B0-75DA82E3C88F}.Debug|Any CPU.Build.0 = Debug|Any CPU
		{F9895B8E-5C3C-495C-A2B0-75DA82E3C88F}.Release|Any CPU.ActiveCfg = Release|Any CPU
		{F9895B8E-5C3C-495C-A2B0-75DA82E3C88F}.Release|Any CPU.Build.0 = Release|Any CPU
		{7F211606-059E-4A1A-BC50-014BDC3689A8}.Debug|Any CPU.ActiveCfg = Debug|Any CPU
		{7F211606-059E-4A1A-BC50-014BDC3689A8}.Debug|Any CPU.Build.0 = Debug|Any CPU
		{7F211606-059E-4A1A-BC50-014BDC3689A8}.Release|Any CPU.ActiveCfg = Release|Any CPU
		{7F211606-059E-4A1A-BC50-014BDC3689A8}.Release|Any CPU.Build.0 = Release|Any CPU
		{5FC43B9B-2EAA-4515-9B4E-DFF5AFB3F781}.Debug|Any CPU.ActiveCfg = Debug|Any CPU
		{5FC43B9B-2EAA-4515-9B4E-DFF5AFB3F781}.Debug|Any CPU.Build.0 = Debug|Any CPU
		{5FC43B9B-2EAA-4515-9B4E-DFF5AFB3F781}.Release|Any CPU.ActiveCfg = Release|Any CPU
		{5FC43B9B-2EAA-4515-9B4E-DFF5AFB3F781}.Release|Any CPU.Build.0 = Release|Any CPU
		{F124136C-64FB-454F-98A6-3BE366140260}.Debug|Any CPU.ActiveCfg = Debug|Any CPU
		{F124136C-64FB-454F-98A6-3BE366140260}.Debug|Any CPU.Build.0 = Debug|Any CPU
		{F124136C-64FB-454F-98A6-3BE366140260}.Release|Any CPU.ActiveCfg = Release|Any CPU
		{F124136C-64FB-454F-98A6-3BE366140260}.Release|Any CPU.Build.0 = Release|Any CPU
		{7121D318-2117-451D-85A3-785EAD7F15F3}.Debug|Any CPU.ActiveCfg = Debug|Any CPU
		{7121D318-2117-451D-85A3-785EAD7F15F3}.Debug|Any CPU.Build.0 = Debug|Any CPU
		{7121D318-2117-451D-85A3-785EAD7F15F3}.Release|Any CPU.ActiveCfg = Release|Any CPU
		{7121D318-2117-451D-85A3-785EAD7F15F3}.Release|Any CPU.Build.0 = Release|Any CPU
		{39B19ABD-140A-49B9-A8C8-2712E20869FD}.Debug|Any CPU.ActiveCfg = Debug|Any CPU
		{39B19ABD-140A-49B9-A8C8-2712E20869FD}.Debug|Any CPU.Build.0 = Debug|Any CPU
		{39B19ABD-140A-49B9-A8C8-2712E20869FD}.Release|Any CPU.ActiveCfg = Release|Any CPU
		{39B19ABD-140A-49B9-A8C8-2712E20869FD}.Release|Any CPU.Build.0 = Release|Any CPU
		{040DABBD-28FC-4A55-8059-482ED473E95F}.Debug|Any CPU.ActiveCfg = Debug|Any CPU
		{040DABBD-28FC-4A55-8059-482ED473E95F}.Debug|Any CPU.Build.0 = Debug|Any CPU
		{040DABBD-28FC-4A55-8059-482ED473E95F}.Release|Any CPU.ActiveCfg = Release|Any CPU
		{040DABBD-28FC-4A55-8059-482ED473E95F}.Release|Any CPU.Build.0 = Release|Any CPU
		{755A443A-8AD1-49AC-9919-B5AF801EB053}.Debug|Any CPU.ActiveCfg = Debug|Any CPU
		{755A443A-8AD1-49AC-9919-B5AF801EB053}.Debug|Any CPU.Build.0 = Debug|Any CPU
		{755A443A-8AD1-49AC-9919-B5AF801EB053}.Release|Any CPU.ActiveCfg = Release|Any CPU
		{755A443A-8AD1-49AC-9919-B5AF801EB053}.Release|Any CPU.Build.0 = Release|Any CPU
		{4B999D04-70A5-4458-ADA8-82BAC6EEEA90}.Debug|Any CPU.ActiveCfg = Debug|Any CPU
		{4B999D04-70A5-4458-ADA8-82BAC6EEEA90}.Debug|Any CPU.Build.0 = Debug|Any CPU
		{4B999D04-70A5-4458-ADA8-82BAC6EEEA90}.Release|Any CPU.ActiveCfg = Release|Any CPU
		{4B999D04-70A5-4458-ADA8-82BAC6EEEA90}.Release|Any CPU.Build.0 = Release|Any CPU
		{14FED7F0-C2BB-4935-9F22-92BC6B224B95}.Debug|Any CPU.ActiveCfg = Debug|Any CPU
		{14FED7F0-C2BB-4935-9F22-92BC6B224B95}.Debug|Any CPU.Build.0 = Debug|Any CPU
		{14FED7F0-C2BB-4935-9F22-92BC6B224B95}.Release|Any CPU.ActiveCfg = Release|Any CPU
		{14FED7F0-C2BB-4935-9F22-92BC6B224B95}.Release|Any CPU.Build.0 = Release|Any CPU
		{61DFF292-7E86-42BB-AADC-BD1C1BC4C1F4}.Debug|Any CPU.ActiveCfg = Debug|Any CPU
		{61DFF292-7E86-42BB-AADC-BD1C1BC4C1F4}.Debug|Any CPU.Build.0 = Debug|Any CPU
		{61DFF292-7E86-42BB-AADC-BD1C1BC4C1F4}.Release|Any CPU.ActiveCfg = Release|Any CPU
		{61DFF292-7E86-42BB-AADC-BD1C1BC4C1F4}.Release|Any CPU.Build.0 = Release|Any CPU
		{B3EC5DA3-04B1-47B4-AE2F-B280AAEBA67E}.Debug|Any CPU.ActiveCfg = Debug|Any CPU
		{B3EC5DA3-04B1-47B4-AE2F-B280AAEBA67E}.Debug|Any CPU.Build.0 = Debug|Any CPU
		{B3EC5DA3-04B1-47B4-AE2F-B280AAEBA67E}.Release|Any CPU.ActiveCfg = Release|Any CPU
		{B3EC5DA3-04B1-47B4-AE2F-B280AAEBA67E}.Release|Any CPU.Build.0 = Release|Any CPU
		{E1B8B1A8-324F-4730-8F89-F7991B78ABB4}.Debug|Any CPU.ActiveCfg = Debug|Any CPU
		{E1B8B1A8-324F-4730-8F89-F7991B78ABB4}.Debug|Any CPU.Build.0 = Debug|Any CPU
		{E1B8B1A8-324F-4730-8F89-F7991B78ABB4}.Release|Any CPU.ActiveCfg = Release|Any CPU
		{E1B8B1A8-324F-4730-8F89-F7991B78ABB4}.Release|Any CPU.Build.0 = Release|Any CPU
		{D5A9C2C0-6143-4DA9-BC77-2AEA1192881E}.Debug|Any CPU.ActiveCfg = Debug|Any CPU
		{D5A9C2C0-6143-4DA9-BC77-2AEA1192881E}.Debug|Any CPU.Build.0 = Debug|Any CPU
		{D5A9C2C0-6143-4DA9-BC77-2AEA1192881E}.Release|Any CPU.ActiveCfg = Release|Any CPU
		{D5A9C2C0-6143-4DA9-BC77-2AEA1192881E}.Release|Any CPU.Build.0 = Release|Any CPU
		{422C8F15-6D63-4841-BB83-A86BA7C43158}.Debug|Any CPU.ActiveCfg = Debug|Any CPU
		{422C8F15-6D63-4841-BB83-A86BA7C43158}.Debug|Any CPU.Build.0 = Debug|Any CPU
		{422C8F15-6D63-4841-BB83-A86BA7C43158}.Release|Any CPU.ActiveCfg = Release|Any CPU
		{422C8F15-6D63-4841-BB83-A86BA7C43158}.Release|Any CPU.Build.0 = Release|Any CPU
		{16A5F86A-A61E-4145-8ECB-5ECE0584896F}.Debug|Any CPU.ActiveCfg = Debug|Any CPU
		{16A5F86A-A61E-4145-8ECB-5ECE0584896F}.Debug|Any CPU.Build.0 = Debug|Any CPU
		{16A5F86A-A61E-4145-8ECB-5ECE0584896F}.Release|Any CPU.ActiveCfg = Release|Any CPU
		{16A5F86A-A61E-4145-8ECB-5ECE0584896F}.Release|Any CPU.Build.0 = Release|Any CPU
		{BA7BEC41-8767-4E87-B6D5-B4A24F305173}.Debug|Any CPU.ActiveCfg = Debug|Any CPU
		{BA7BEC41-8767-4E87-B6D5-B4A24F305173}.Debug|Any CPU.Build.0 = Debug|Any CPU
		{BA7BEC41-8767-4E87-B6D5-B4A24F305173}.Release|Any CPU.ActiveCfg = Release|Any CPU
		{BA7BEC41-8767-4E87-B6D5-B4A24F305173}.Release|Any CPU.Build.0 = Release|Any CPU
		{549EB9B5-8279-4445-901B-F3B7CADBA1A0}.Debug|Any CPU.ActiveCfg = Debug|Any CPU
		{549EB9B5-8279-4445-901B-F3B7CADBA1A0}.Debug|Any CPU.Build.0 = Debug|Any CPU
		{549EB9B5-8279-4445-901B-F3B7CADBA1A0}.Release|Any CPU.ActiveCfg = Release|Any CPU
		{549EB9B5-8279-4445-901B-F3B7CADBA1A0}.Release|Any CPU.Build.0 = Release|Any CPU
		{EDB73057-F46A-44E4-865A-C6831B26517C}.Debug|Any CPU.ActiveCfg = Debug|Any CPU
		{EDB73057-F46A-44E4-865A-C6831B26517C}.Debug|Any CPU.Build.0 = Debug|Any CPU
		{EDB73057-F46A-44E4-865A-C6831B26517C}.Release|Any CPU.ActiveCfg = Release|Any CPU
		{EDB73057-F46A-44E4-865A-C6831B26517C}.Release|Any CPU.Build.0 = Release|Any CPU
		{21E9EB67-E418-C8E2-0065-C2474B850DCC}.Debug|Any CPU.ActiveCfg = Debug|Any CPU
		{21E9EB67-E418-C8E2-0065-C2474B850DCC}.Debug|Any CPU.Build.0 = Debug|Any CPU
		{21E9EB67-E418-C8E2-0065-C2474B850DCC}.Release|Any CPU.ActiveCfg = Release|Any CPU
		{21E9EB67-E418-C8E2-0065-C2474B850DCC}.Release|Any CPU.Build.0 = Release|Any CPU
		{D84BA07F-A7C4-412D-8474-64CBF8901D78}.Debug|Any CPU.ActiveCfg = Debug|Any CPU
		{D84BA07F-A7C4-412D-8474-64CBF8901D78}.Debug|Any CPU.Build.0 = Debug|Any CPU
		{D84BA07F-A7C4-412D-8474-64CBF8901D78}.Release|Any CPU.ActiveCfg = Release|Any CPU
		{D84BA07F-A7C4-412D-8474-64CBF8901D78}.Release|Any CPU.Build.0 = Release|Any CPU
		{AD99E3C4-6E7B-46BC-9704-BA28CCBC0187}.Debug|Any CPU.ActiveCfg = Debug|Any CPU
		{AD99E3C4-6E7B-46BC-9704-BA28CCBC0187}.Debug|Any CPU.Build.0 = Debug|Any CPU
		{AD99E3C4-6E7B-46BC-9704-BA28CCBC0187}.Release|Any CPU.ActiveCfg = Release|Any CPU
		{AD99E3C4-6E7B-46BC-9704-BA28CCBC0187}.Release|Any CPU.Build.0 = Release|Any CPU
		{A6DC1809-6F1B-4DA6-B733-9C86A2BD8C9C}.Debug|Any CPU.ActiveCfg = Debug|Any CPU
		{A6DC1809-6F1B-4DA6-B733-9C86A2BD8C9C}.Debug|Any CPU.Build.0 = Debug|Any CPU
		{A6DC1809-6F1B-4DA6-B733-9C86A2BD8C9C}.Release|Any CPU.ActiveCfg = Release|Any CPU
		{A6DC1809-6F1B-4DA6-B733-9C86A2BD8C9C}.Release|Any CPU.Build.0 = Release|Any CPU
	EndGlobalSection
	GlobalSection(SolutionProperties) = preSolution
		HideSolutionNode = FALSE
	EndGlobalSection
	GlobalSection(NestedProjects) = preSolution
		{1D0B841D-A04A-4AD6-B2A8-347370021CB3} = {02EA681E-C7D8-13C7-8484-4AC65E1B71E8}
		{06D42917-40E8-4E28-9AB7-CC02E9268A0B} = {02EA681E-C7D8-13C7-8484-4AC65E1B71E8}
		{1E3BBE4E-1A84-44CC-BE2B-9B8596A6DB12} = {02EA681E-C7D8-13C7-8484-4AC65E1B71E8}
		{3CAFEC24-279D-474E-95B2-4107E112CAAA} = {02EA681E-C7D8-13C7-8484-4AC65E1B71E8}
		{7B35BF6A-3F5D-47BD-8CCE-FA26CCE1E62F} = {02EA681E-C7D8-13C7-8484-4AC65E1B71E8}
		{E3D57825-C143-4C29-ADF9-93D38E856A8F} = {D5CA9866-B371-4608-90B3-6B2F9575D6DD}
		{0A89F80C-CCA1-42F9-ABF6-76959EFD719F} = {D5CA9866-B371-4608-90B3-6B2F9575D6DD}
		{9FA0E54D-B1B6-41AA-9B06-A7F6FF9E0A82} = {02EA681E-C7D8-13C7-8484-4AC65E1B71E8}
		{57CCE3B4-7DD8-4E8D-B21F-ADE25804886D} = {02EA681E-C7D8-13C7-8484-4AC65E1B71E8}
		{F700B9CA-A13E-4019-93E1-32A677A4F681} = {D5CA9866-B371-4608-90B3-6B2F9575D6DD}
		{746032E7-34EC-463B-89A6-B724F23A3EBF} = {D5CA9866-B371-4608-90B3-6B2F9575D6DD}
		{13EFCE94-7A5D-4ACF-9A94-3EBA032157F2} = {765D2CA7-955A-4CC4-AAF1-BC161EEADABA}
		{E66C067E-34E1-A675-7DCF-CA87475DA6B9} = {D5CA9866-B371-4608-90B3-6B2F9575D6DD}
		{4FA7FA00-F49D-76EC-6893-B45272CB0599} = {7B742264-95ED-4420-8624-9B38DFC1F2F7}
		{817982FC-1866-E5AD-B245-59E1C826390E} = {7B742264-95ED-4420-8624-9B38DFC1F2F7}
		{1CBD7C91-2E7D-8AD0-3D46-87475283B2B5} = {7B742264-95ED-4420-8624-9B38DFC1F2F7}
		{1E0E47AC-B370-D85E-A154-CD14A93E6ADA} = {7B742264-95ED-4420-8624-9B38DFC1F2F7}
		{9FBE6F92-FB03-B237-89C3-846EA8419046} = {D5CA9866-B371-4608-90B3-6B2F9575D6DD}
		{207D0162-F08D-45D4-82F5-A08CE25B09C1} = {63FD2CE1-D6EE-4782-9B6F-91B8D4094699}
		{1B0B3411-EC81-49DB-ADD4-210BBA51AC89} = {63FD2CE1-D6EE-4782-9B6F-91B8D4094699}
		{040B65E9-B574-42A2-809B-2F5CC0A78A77} = {63FD2CE1-D6EE-4782-9B6F-91B8D4094699}
		{09EB0E28-9D3A-40B0-A233-0E7ACFC44521} = {6A91CDAD-DE98-4300-B162-569F87F2E822}
		{FC49C68E-383B-4F22-A68C-424699402819} = {6A91CDAD-DE98-4300-B162-569F87F2E822}
		{FC114563-DCD1-42ED-A9D8-E171102A659F} = {6A91CDAD-DE98-4300-B162-569F87F2E822}
		{B9132634-9BF4-BAAB-7755-90C83C8C44CF} = {02EA681E-C7D8-13C7-8484-4AC65E1B71E8}
		{57F4A229-9287-D69B-6478-4B469B54906B} = {02EA681E-C7D8-13C7-8484-4AC65E1B71E8}
		{57B7933E-7378-4B25-BFF4-D2BB751D1F36} = {6A91CDAD-DE98-4300-B162-569F87F2E822}
		{B8682AF2-7A3E-4BA3-95E7-2855647DA1F7} = {6A91CDAD-DE98-4300-B162-569F87F2E822}
		{E2CCEC18-4F19-42CA-9A7C-6ACAF8499154} = {6A91CDAD-DE98-4300-B162-569F87F2E822}
		{0D85B482-41E4-434A-BF3D-6B8F853651A8} = {6A91CDAD-DE98-4300-B162-569F87F2E822}
		{1C765F00-6468-4769-83FC-AAEFBA7222AC} = {6A91CDAD-DE98-4300-B162-569F87F2E822}
		{E01CF6EA-94BB-43C9-B427-3BDF15A640EB} = {6A91CDAD-DE98-4300-B162-569F87F2E822}
		{44E76F6A-0311-44EA-B064-A56CCA733022} = {6A91CDAD-DE98-4300-B162-569F87F2E822}
		{AF7CE984-3B45-4A0C-A118-2CD2D52D34BC} = {6A91CDAD-DE98-4300-B162-569F87F2E822}
		{F9895B8E-5C3C-495C-A2B0-75DA82E3C88F} = {02EA681E-C7D8-13C7-8484-4AC65E1B71E8}
		{7F211606-059E-4A1A-BC50-014BDC3689A8} = {5F3C5DAE-FBDB-4466-973D-ED215DCE31E9}
		{5FC43B9B-2EAA-4515-9B4E-DFF5AFB3F781} = {5F3C5DAE-FBDB-4466-973D-ED215DCE31E9}
		{F124136C-64FB-454F-98A6-3BE366140260} = {7A80F1A2-6EEF-4FD9-993F-2E987901D070}
		{7121D318-2117-451D-85A3-785EAD7F15F3} = {FA58510A-E24F-451E-9F13-125A554122FD}
		{39B19ABD-140A-49B9-A8C8-2712E20869FD} = {FADEF5BB-3D88-4E4E-94F5-0CFC8E395280}
		{040DABBD-28FC-4A55-8059-482ED473E95F} = {9F6ED5BE-07E2-459F-BBBD-0A8861AECE5A}
		{755A443A-8AD1-49AC-9919-B5AF801EB053} = {B75AAB30-C30F-42A8-A765-C561399E3851}
		{4B999D04-70A5-4458-ADA8-82BAC6EEEA90} = {B75AAB30-C30F-42A8-A765-C561399E3851}
		{14FED7F0-C2BB-4935-9F22-92BC6B224B95} = {379A765B-5886-40CA-8EBC-30475926CA5F}
		{61DFF292-7E86-42BB-AADC-BD1C1BC4C1F4} = {379A765B-5886-40CA-8EBC-30475926CA5F}
		{B75AAB30-C30F-42A8-A765-C561399E3851} = {F635A24B-E1D6-4FCE-9BB6-8A62B8A6AFB3}
		{379A765B-5886-40CA-8EBC-30475926CA5F} = {F635A24B-E1D6-4FCE-9BB6-8A62B8A6AFB3}
		{A1A5E6D0-0E77-4040-9208-5F04F8C49037} = {F635A24B-E1D6-4FCE-9BB6-8A62B8A6AFB3}
		{B3EC5DA3-04B1-47B4-AE2F-B280AAEBA67E} = {A1A5E6D0-0E77-4040-9208-5F04F8C49037}
		{E1B8B1A8-324F-4730-8F89-F7991B78ABB4} = {A1A5E6D0-0E77-4040-9208-5F04F8C49037}
		{D5A9C2C0-6143-4DA9-BC77-2AEA1192881E} = {AE55DCDD-EBEE-4F16-867B-3A8001BD9D03}
		{422C8F15-6D63-4841-BB83-A86BA7C43158} = {AE55DCDD-EBEE-4F16-867B-3A8001BD9D03}
		{16A5F86A-A61E-4145-8ECB-5ECE0584896F} = {D4CF42E1-A6A4-464D-A56F-D5890484F5B1}
		{BA7BEC41-8767-4E87-B6D5-B4A24F305173} = {6B12B80C-64D1-4292-918C-FD475C9E55E7}
		{549EB9B5-8279-4445-901B-F3B7CADBA1A0} = {765D2CA7-955A-4CC4-AAF1-BC161EEADABA}
		{EDB73057-F46A-44E4-865A-C6831B26517C} = {01F54D63-EC8B-4EA4-98EC-931C3C1BABF0}
		{21E9EB67-E418-C8E2-0065-C2474B850DCC} = {01F54D63-EC8B-4EA4-98EC-931C3C1BABF0}
		{D84BA07F-A7C4-412D-8474-64CBF8901D78} = {D5CA9866-B371-4608-90B3-6B2F9575D6DD}
		{AD99E3C4-6E7B-46BC-9704-BA28CCBC0187} = {63FD2CE1-D6EE-4782-9B6F-91B8D4094699}
		{A6DC1809-6F1B-4DA6-B733-9C86A2BD8C9C} = {D5CA9866-B371-4608-90B3-6B2F9575D6DD}
	EndGlobalSection
	GlobalSection(ExtensibilityGlobals) = postSolution
		SolutionGuid = {0289F56A-7C49-4062-9F99-F5653400E482}
	EndGlobalSection
EndGlobal
