
Microsoft Visual Studio Solution File, Format Version 12.00
# Visual Studio Version 17
VisualStudioVersion = 17.14.36518.9
MinimumVisualStudioVersion = 10.0.40219.1
Project("{FAE04EC0-301F-11D3-BF4B-00C04F79EFBC}") = "Extensao", "Solid\Extensao.csproj", "{3EC4FBA0-EA72-4A38-B23F-A476908D5F5E}"
EndProject
Project("{2150E333-8FDC-42A3-9474-1A3956D46DE8}") = "Review", "Review", "{02EA681E-C7D8-13C7-8484-4AC65E1B71E8}"
EndProject
Project("{FAE04EC0-301F-11D3-BF4B-00C04F79EFBC}") = "Banco", "Conta\Banco.csproj", "{3467A6E1-7955-4C17-BC3E-441364FF016E}"
EndProject
Project("{FAE04EC0-301F-11D3-BF4B-00C04F79EFBC}") = "UpDownCasting", "UpDownCasting\UpDownCasting.csproj", "{7E3DCCA2-4A8B-4AD6-BEF4-A07FD0CCDFDA}"
EndProject
Project("{FAE04EC0-301F-11D3-BF4B-00C04F79EFBC}") = "isas", "isas\isas.csproj", "{FEF9ED33-A949-4B72-9DBB-D5D8A32678B1}"
EndProject
Project("{FAE04EC0-301F-11D3-BF4B-00C04F79EFBC}") = "VendaExtensao", "VendaExtensao\VendaExtensao.csproj", "{6DD5B911-66EF-4D5B-99DB-0B0940290D82}"
EndProject
Project("{2150E333-8FDC-42A3-9474-1A3956D46DE8}") = "SOLID", "SOLID", "{E39E2444-A97E-45AC-855A-EE928C474362}"
EndProject
Project("{2150E333-8FDC-42A3-9474-1A3956D46DE8}") = "2P - AbertoFechado", "2P - AbertoFechado", "{DD308FBB-9BAE-4CA8-AEC1-6BC3A64F1872}"
EndProject
Project("{2150E333-8FDC-42A3-9474-1A3956D46DE8}") = "3P - Substituicao", "3P - Substituicao", "{41E42774-A0DB-4709-AAE2-026A8F959A14}"
	ProjectSection(SolutionItems) = preProject
		obs.txt = obs.txt
	EndProjectSection
EndProject
Project("{FAE04EC0-301F-11D3-BF4B-00C04F79EFBC}") = "LSP", "LSP\LSP.csproj", "{EAB471BF-49DB-4B8F-AEC1-7C6BCE336DA8}"
EndProject
Project("{2150E333-8FDC-42A3-9474-1A3956D46DE8}") = "4P - Segregacao de Interfaces", "4P - Segregacao de Interfaces", "{497A5D55-1D85-4CF2-8D34-E6F477A19A84}"
EndProject
Project("{FAE04EC0-301F-11D3-BF4B-00C04F79EFBC}") = "Interfaces", "Interfaces\Interfaces.csproj", "{DDA3C08A-BBD3-4281-A701-9205621904D3}"
EndProject
Project("{2150E333-8FDC-42A3-9474-1A3956D46DE8}") = "5p - Inversão de dependencia", "5p - Inversão de dependencia", "{528A7143-CA25-4150-A04E-0E8E2B1137D9}"
	ProjectSection(SolutionItems) = preProject
		Interfaces\Ex.txt = Interfaces\Ex.txt
	EndProjectSection
EndProject
Project("{FAE04EC0-301F-11D3-BF4B-00C04F79EFBC}") = "Inversão de dependencia", "Inversão de dependencia\Inversão de dependencia.csproj", "{F58EF598-FFF4-4CA4-8E53-B2F6D8652736}"
EndProject
Project("{2150E333-8FDC-42A3-9474-1A3956D46DE8}") = "Atividades", "Atividades", "{DFFA8EA1-9E4A-4D67-B49E-57D45581F590}"
EndProject
Project("{2150E333-8FDC-42A3-9474-1A3956D46DE8}") = "1", "1", "{B3A63062-242C-4299-A6CA-4AE7319F1F41}"
EndProject
Project("{FAE04EC0-301F-11D3-BF4B-00C04F79EFBC}") = "Atividade1", "Atividade1\Atividade1.csproj", "{411E1B2E-E959-487B-9F20-759177EF7011}"
EndProject
Global
	GlobalSection(SolutionConfigurationPlatforms) = preSolution
		Debug|Any CPU = Debug|Any CPU
		Release|Any CPU = Release|Any CPU
	EndGlobalSection
	GlobalSection(ProjectConfigurationPlatforms) = postSolution
		{3EC4FBA0-EA72-4A38-B23F-A476908D5F5E}.Debug|Any CPU.ActiveCfg = Debug|Any CPU
		{3EC4FBA0-EA72-4A38-B23F-A476908D5F5E}.Debug|Any CPU.Build.0 = Debug|Any CPU
		{3EC4FBA0-EA72-4A38-B23F-A476908D5F5E}.Release|Any CPU.ActiveCfg = Release|Any CPU
		{3EC4FBA0-EA72-4A38-B23F-A476908D5F5E}.Release|Any CPU.Build.0 = Release|Any CPU
		{3467A6E1-7955-4C17-BC3E-441364FF016E}.Debug|Any CPU.ActiveCfg = Debug|Any CPU
		{3467A6E1-7955-4C17-BC3E-441364FF016E}.Debug|Any CPU.Build.0 = Debug|Any CPU
		{3467A6E1-7955-4C17-BC3E-441364FF016E}.Release|Any CPU.ActiveCfg = Release|Any CPU
		{3467A6E1-7955-4C17-BC3E-441364FF016E}.Release|Any CPU.Build.0 = Release|Any CPU
		{7E3DCCA2-4A8B-4AD6-BEF4-A07FD0CCDFDA}.Debug|Any CPU.ActiveCfg = Debug|Any CPU
		{7E3DCCA2-4A8B-4AD6-BEF4-A07FD0CCDFDA}.Debug|Any CPU.Build.0 = Debug|Any CPU
		{7E3DCCA2-4A8B-4AD6-BEF4-A07FD0CCDFDA}.Release|Any CPU.ActiveCfg = Release|Any CPU
		{7E3DCCA2-4A8B-4AD6-BEF4-A07FD0CCDFDA}.Release|Any CPU.Build.0 = Release|Any CPU
		{FEF9ED33-A949-4B72-9DBB-D5D8A32678B1}.Debug|Any CPU.ActiveCfg = Debug|Any CPU
		{FEF9ED33-A949-4B72-9DBB-D5D8A32678B1}.Debug|Any CPU.Build.0 = Debug|Any CPU
		{FEF9ED33-A949-4B72-9DBB-D5D8A32678B1}.Release|Any CPU.ActiveCfg = Release|Any CPU
		{FEF9ED33-A949-4B72-9DBB-D5D8A32678B1}.Release|Any CPU.Build.0 = Release|Any CPU
		{6DD5B911-66EF-4D5B-99DB-0B0940290D82}.Debug|Any CPU.ActiveCfg = Debug|Any CPU
		{6DD5B911-66EF-4D5B-99DB-0B0940290D82}.Debug|Any CPU.Build.0 = Debug|Any CPU
		{6DD5B911-66EF-4D5B-99DB-0B0940290D82}.Release|Any CPU.ActiveCfg = Release|Any CPU
		{6DD5B911-66EF-4D5B-99DB-0B0940290D82}.Release|Any CPU.Build.0 = Release|Any CPU
		{EAB471BF-49DB-4B8F-AEC1-7C6BCE336DA8}.Debug|Any CPU.ActiveCfg = Debug|Any CPU
		{EAB471BF-49DB-4B8F-AEC1-7C6BCE336DA8}.Debug|Any CPU.Build.0 = Debug|Any CPU
		{EAB471BF-49DB-4B8F-AEC1-7C6BCE336DA8}.Release|Any CPU.ActiveCfg = Release|Any CPU
		{EAB471BF-49DB-4B8F-AEC1-7C6BCE336DA8}.Release|Any CPU.Build.0 = Release|Any CPU
		{DDA3C08A-BBD3-4281-A701-9205621904D3}.Debug|Any CPU.ActiveCfg = Debug|Any CPU
		{DDA3C08A-BBD3-4281-A701-9205621904D3}.Debug|Any CPU.Build.0 = Debug|Any CPU
		{DDA3C08A-BBD3-4281-A701-9205621904D3}.Release|Any CPU.ActiveCfg = Release|Any CPU
		{DDA3C08A-BBD3-4281-A701-9205621904D3}.Release|Any CPU.Build.0 = Release|Any CPU
		{F58EF598-FFF4-4CA4-8E53-B2F6D8652736}.Debug|Any CPU.ActiveCfg = Debug|Any CPU
		{F58EF598-FFF4-4CA4-8E53-B2F6D8652736}.Debug|Any CPU.Build.0 = Debug|Any CPU
		{F58EF598-FFF4-4CA4-8E53-B2F6D8652736}.Release|Any CPU.ActiveCfg = Release|Any CPU
		{F58EF598-FFF4-4CA4-8E53-B2F6D8652736}.Release|Any CPU.Build.0 = Release|Any CPU
		{411E1B2E-E959-487B-9F20-759177EF7011}.Debug|Any CPU.ActiveCfg = Debug|Any CPU
		{411E1B2E-E959-487B-9F20-759177EF7011}.Debug|Any CPU.Build.0 = Debug|Any CPU
		{411E1B2E-E959-487B-9F20-759177EF7011}.Release|Any CPU.ActiveCfg = Release|Any CPU
		{411E1B2E-E959-487B-9F20-759177EF7011}.Release|Any CPU.Build.0 = Release|Any CPU
	EndGlobalSection
	GlobalSection(SolutionProperties) = preSolution
		HideSolutionNode = FALSE
	EndGlobalSection
	GlobalSection(NestedProjects) = preSolution
		{3EC4FBA0-EA72-4A38-B23F-A476908D5F5E} = {02EA681E-C7D8-13C7-8484-4AC65E1B71E8}
		{3467A6E1-7955-4C17-BC3E-441364FF016E} = {02EA681E-C7D8-13C7-8484-4AC65E1B71E8}
		{7E3DCCA2-4A8B-4AD6-BEF4-A07FD0CCDFDA} = {02EA681E-C7D8-13C7-8484-4AC65E1B71E8}
		{FEF9ED33-A949-4B72-9DBB-D5D8A32678B1} = {02EA681E-C7D8-13C7-8484-4AC65E1B71E8}
		{6DD5B911-66EF-4D5B-99DB-0B0940290D82} = {DD308FBB-9BAE-4CA8-AEC1-6BC3A64F1872}
		{DD308FBB-9BAE-4CA8-AEC1-6BC3A64F1872} = {E39E2444-A97E-45AC-855A-EE928C474362}
		{41E42774-A0DB-4709-AAE2-026A8F959A14} = {E39E2444-A97E-45AC-855A-EE928C474362}
		{EAB471BF-49DB-4B8F-AEC1-7C6BCE336DA8} = {41E42774-A0DB-4709-AAE2-026A8F959A14}
		{497A5D55-1D85-4CF2-8D34-E6F477A19A84} = {E39E2444-A97E-45AC-855A-EE928C474362}
		{DDA3C08A-BBD3-4281-A701-9205621904D3} = {497A5D55-1D85-4CF2-8D34-E6F477A19A84}
		{528A7143-CA25-4150-A04E-0E8E2B1137D9} = {E39E2444-A97E-45AC-855A-EE928C474362}
		{F58EF598-FFF4-4CA4-8E53-B2F6D8652736} = {528A7143-CA25-4150-A04E-0E8E2B1137D9}
		{B3A63062-242C-4299-A6CA-4AE7319F1F41} = {DFFA8EA1-9E4A-4D67-B49E-57D45581F590}
		{411E1B2E-E959-487B-9F20-759177EF7011} = {B3A63062-242C-4299-A6CA-4AE7319F1F41}
	EndGlobalSection
	GlobalSection(ExtensibilityGlobals) = postSolution
		SolutionGuid = {3DA05DEC-93D7-4476-B674-282939E24B99}
	EndGlobalSection
EndGlobal
