
Microsoft Visual Studio Solution File, Format Version 12.00
# Visual Studio Version 17
VisualStudioVersion = 17.14.36518.9
MinimumVisualStudioVersion = 10.0.40219.1
Project("{FAE04EC0-301F-11D3-BF4B-00C04F79EFBC}") = "FactoryMethod", "FactoryMethod\FactoryMethod.csproj", "{404AD980-7BF6-4073-913A-57CB9059D023}"
EndProject
Project("{FAE04EC0-301F-11D3-BF4B-00C04F79EFBC}") = "AbstractFactory", "AbstractFactory\AbstractFactory.csproj", "{26E8091E-5D54-44D0-B944-7C07873D9647}"
EndProject
Project("{FAE04EC0-301F-11D3-BF4B-00C04F79EFBC}") = "Builder", "Builder\Builder.csproj", "{F8F9F4AA-FA6F-4232-8F76-6D0F1CEB5A78}"
EndProject
Project("{FAE04EC0-301F-11D3-BF4B-00C04F79EFBC}") = "Prototype", "Prototype\Prototype.csproj", "{9E499707-CBD5-4481-B670-E612C7C89196}"
EndProject
Project("{FAE04EC0-301F-11D3-BF4B-00C04F79EFBC}") = "Singleton", "Singleton\Singleton.csproj", "{EB650D6C-AC8B-4BAE-A7EA-C57B1A0AF976}"
EndProject
Project("{2150E333-8FDC-42A3-9474-1A3956D46DE8}") = "Padrões Criacionais", "Padrões Criacionais", "{02EA681E-C7D8-13C7-8484-4AC65E1B71E8}"
EndProject
Project("{2150E333-8FDC-42A3-9474-1A3956D46DE8}") = "Padrões Estruturais", "Padrões Estruturais", "{43ED52CB-1F13-4B14-A9A1-D5ED48F9AD6D}"
EndProject
Project("{FAE04EC0-301F-11D3-BF4B-00C04F79EFBC}") = "Adapter", "Adapter\Adapter.csproj", "{58B9BD9E-8DEE-4748-95A4-C00D0E58F2E6}"
EndProject
Project("{FAE04EC0-301F-11D3-BF4B-00C04F79EFBC}") = "Bridge", "Bridge\Bridge.csproj", "{DFEB8724-F4D9-446C-A49E-F10232EA16F8}"
EndProject
Project("{FAE04EC0-301F-11D3-BF4B-00C04F79EFBC}") = "Composite", "Composite\Composite.csproj", "{400FFCA1-DF9A-455F-AA6E-5236F2A61CA9}"
EndProject
Project("{FAE04EC0-301F-11D3-BF4B-00C04F79EFBC}") = "Decorator", "Decorator\Decorator.csproj", "{D9D65C65-9DB0-4087-AA91-E94509C88FC1}"
EndProject
Project("{2150E333-8FDC-42A3-9474-1A3956D46DE8}") = "Padrões Comportamentais", "Padrões Comportamentais", "{F550EBCE-8129-4461-812B-EFCD0464B5C6}"
EndProject
Project("{FAE04EC0-301F-11D3-BF4B-00C04F79EFBC}") = "Facade", "Facade\Facade.csproj", "{4A040D4E-1ADD-4849-A02D-55CC65B1CA24}"
EndProject
Project("{FAE04EC0-301F-11D3-BF4B-00C04F79EFBC}") = "Flyweight", "Flyweight\Flyweight.csproj", "{533D3622-A290-44EA-A429-A927D1E1F249}"
EndProject
Project("{FAE04EC0-301F-11D3-BF4B-00C04F79EFBC}") = "Proxy", "Proxy\Proxy.csproj", "{03BCFC49-1509-4627-BEC2-48DAD69D61BB}"
EndProject
Project("{FAE04EC0-301F-11D3-BF4B-00C04F79EFBC}") = "Template Method", "Template Method\Template Method.csproj", "{0CB23B89-0326-46AE-B408-B4D61F3A61BC}"
EndProject
Project("{FAE04EC0-301F-11D3-BF4B-00C04F79EFBC}") = "ChainOfResponsability", "ChainOfResponsability\ChainOfResponsability.csproj", "{70AF3727-D7B7-4EE4-BF1D-E19BA0A71364}"
EndProject
Project("{FAE04EC0-301F-11D3-BF4B-00C04F79EFBC}") = "Command", "Command\Command.csproj", "{C0674856-0463-466F-8F60-0C203F4A41EA}"
EndProject
Project("{FAE04EC0-301F-11D3-BF4B-00C04F79EFBC}") = "Iterator", "Iterator\Iterator.csproj", "{CBC293C3-60B6-4E70-8FDE-160A17724A95}"
EndProject
Project("{FAE04EC0-301F-11D3-BF4B-00C04F79EFBC}") = "Mediator", "Mediator\Mediator.csproj", "{3D2A9C70-3488-4D0F-B00D-C0C911441FF5}"
EndProject
Project("{FAE04EC0-301F-11D3-BF4B-00C04F79EFBC}") = "Memento", "Memento\Memento.csproj", "{A5BE9F43-EFC9-4CFA-82F7-888F25329F8F}"
EndProject
Project("{FAE04EC0-301F-11D3-BF4B-00C04F79EFBC}") = "Observer", "Observer\Observer.csproj", "{01C91799-BA55-4931-A391-91B3E5D6C23A}"
EndProject
Project("{FAE04EC0-301F-11D3-BF4B-00C04F79EFBC}") = "State", "State\State.csproj", "{DE079956-B827-488E-868A-FA2EF2CEACD0}"
EndProject
Project("{FAE04EC0-301F-11D3-BF4B-00C04F79EFBC}") = "Stategy", "Stategy\Stategy.csproj", "{C4BD76D7-7551-4C1E-BE17-B33099A53DE9}"
EndProject
Project("{FAE04EC0-301F-11D3-BF4B-00C04F79EFBC}") = "Visitor", "ConsoleApp1\Visitor.csproj", "{EE8F43D9-F760-4371-A74C-5BC20AB7944F}"
EndProject
Global
	GlobalSection(SolutionConfigurationPlatforms) = preSolution
		Debug|Any CPU = Debug|Any CPU
		Release|Any CPU = Release|Any CPU
	EndGlobalSection
	GlobalSection(ProjectConfigurationPlatforms) = postSolution
		{404AD980-7BF6-4073-913A-57CB9059D023}.Debug|Any CPU.ActiveCfg = Debug|Any CPU
		{404AD980-7BF6-4073-913A-57CB9059D023}.Debug|Any CPU.Build.0 = Debug|Any CPU
		{404AD980-7BF6-4073-913A-57CB9059D023}.Release|Any CPU.ActiveCfg = Release|Any CPU
		{404AD980-7BF6-4073-913A-57CB9059D023}.Release|Any CPU.Build.0 = Release|Any CPU
		{26E8091E-5D54-44D0-B944-7C07873D9647}.Debug|Any CPU.ActiveCfg = Debug|Any CPU
		{26E8091E-5D54-44D0-B944-7C07873D9647}.Debug|Any CPU.Build.0 = Debug|Any CPU
		{26E8091E-5D54-44D0-B944-7C07873D9647}.Release|Any CPU.ActiveCfg = Release|Any CPU
		{26E8091E-5D54-44D0-B944-7C07873D9647}.Release|Any CPU.Build.0 = Release|Any CPU
		{F8F9F4AA-FA6F-4232-8F76-6D0F1CEB5A78}.Debug|Any CPU.ActiveCfg = Debug|Any CPU
		{F8F9F4AA-FA6F-4232-8F76-6D0F1CEB5A78}.Debug|Any CPU.Build.0 = Debug|Any CPU
		{F8F9F4AA-FA6F-4232-8F76-6D0F1CEB5A78}.Release|Any CPU.ActiveCfg = Release|Any CPU
		{F8F9F4AA-FA6F-4232-8F76-6D0F1CEB5A78}.Release|Any CPU.Build.0 = Release|Any CPU
		{9E499707-CBD5-4481-B670-E612C7C89196}.Debug|Any CPU.ActiveCfg = Debug|Any CPU
		{9E499707-CBD5-4481-B670-E612C7C89196}.Debug|Any CPU.Build.0 = Debug|Any CPU
		{9E499707-CBD5-4481-B670-E612C7C89196}.Release|Any CPU.ActiveCfg = Release|Any CPU
		{9E499707-CBD5-4481-B670-E612C7C89196}.Release|Any CPU.Build.0 = Release|Any CPU
		{EB650D6C-AC8B-4BAE-A7EA-C57B1A0AF976}.Debug|Any CPU.ActiveCfg = Debug|Any CPU
		{EB650D6C-AC8B-4BAE-A7EA-C57B1A0AF976}.Debug|Any CPU.Build.0 = Debug|Any CPU
		{EB650D6C-AC8B-4BAE-A7EA-C57B1A0AF976}.Release|Any CPU.ActiveCfg = Release|Any CPU
		{EB650D6C-AC8B-4BAE-A7EA-C57B1A0AF976}.Release|Any CPU.Build.0 = Release|Any CPU
		{58B9BD9E-8DEE-4748-95A4-C00D0E58F2E6}.Debug|Any CPU.ActiveCfg = Debug|Any CPU
		{58B9BD9E-8DEE-4748-95A4-C00D0E58F2E6}.Debug|Any CPU.Build.0 = Debug|Any CPU
		{58B9BD9E-8DEE-4748-95A4-C00D0E58F2E6}.Release|Any CPU.ActiveCfg = Release|Any CPU
		{58B9BD9E-8DEE-4748-95A4-C00D0E58F2E6}.Release|Any CPU.Build.0 = Release|Any CPU
		{DFEB8724-F4D9-446C-A49E-F10232EA16F8}.Debug|Any CPU.ActiveCfg = Debug|Any CPU
		{DFEB8724-F4D9-446C-A49E-F10232EA16F8}.Debug|Any CPU.Build.0 = Debug|Any CPU
		{DFEB8724-F4D9-446C-A49E-F10232EA16F8}.Release|Any CPU.ActiveCfg = Release|Any CPU
		{DFEB8724-F4D9-446C-A49E-F10232EA16F8}.Release|Any CPU.Build.0 = Release|Any CPU
		{400FFCA1-DF9A-455F-AA6E-5236F2A61CA9}.Debug|Any CPU.ActiveCfg = Debug|Any CPU
		{400FFCA1-DF9A-455F-AA6E-5236F2A61CA9}.Debug|Any CPU.Build.0 = Debug|Any CPU
		{400FFCA1-DF9A-455F-AA6E-5236F2A61CA9}.Release|Any CPU.ActiveCfg = Release|Any CPU
		{400FFCA1-DF9A-455F-AA6E-5236F2A61CA9}.Release|Any CPU.Build.0 = Release|Any CPU
		{D9D65C65-9DB0-4087-AA91-E94509C88FC1}.Debug|Any CPU.ActiveCfg = Debug|Any CPU
		{D9D65C65-9DB0-4087-AA91-E94509C88FC1}.Debug|Any CPU.Build.0 = Debug|Any CPU
		{D9D65C65-9DB0-4087-AA91-E94509C88FC1}.Release|Any CPU.ActiveCfg = Release|Any CPU
		{D9D65C65-9DB0-4087-AA91-E94509C88FC1}.Release|Any CPU.Build.0 = Release|Any CPU
		{4A040D4E-1ADD-4849-A02D-55CC65B1CA24}.Debug|Any CPU.ActiveCfg = Debug|Any CPU
		{4A040D4E-1ADD-4849-A02D-55CC65B1CA24}.Debug|Any CPU.Build.0 = Debug|Any CPU
		{4A040D4E-1ADD-4849-A02D-55CC65B1CA24}.Release|Any CPU.ActiveCfg = Release|Any CPU
		{4A040D4E-1ADD-4849-A02D-55CC65B1CA24}.Release|Any CPU.Build.0 = Release|Any CPU
		{533D3622-A290-44EA-A429-A927D1E1F249}.Debug|Any CPU.ActiveCfg = Debug|Any CPU
		{533D3622-A290-44EA-A429-A927D1E1F249}.Debug|Any CPU.Build.0 = Debug|Any CPU
		{533D3622-A290-44EA-A429-A927D1E1F249}.Release|Any CPU.ActiveCfg = Release|Any CPU
		{533D3622-A290-44EA-A429-A927D1E1F249}.Release|Any CPU.Build.0 = Release|Any CPU
		{03BCFC49-1509-4627-BEC2-48DAD69D61BB}.Debug|Any CPU.ActiveCfg = Debug|Any CPU
		{03BCFC49-1509-4627-BEC2-48DAD69D61BB}.Debug|Any CPU.Build.0 = Debug|Any CPU
		{03BCFC49-1509-4627-BEC2-48DAD69D61BB}.Release|Any CPU.ActiveCfg = Release|Any CPU
		{03BCFC49-1509-4627-BEC2-48DAD69D61BB}.Release|Any CPU.Build.0 = Release|Any CPU
		{0CB23B89-0326-46AE-B408-B4D61F3A61BC}.Debug|Any CPU.ActiveCfg = Debug|Any CPU
		{0CB23B89-0326-46AE-B408-B4D61F3A61BC}.Debug|Any CPU.Build.0 = Debug|Any CPU
		{0CB23B89-0326-46AE-B408-B4D61F3A61BC}.Release|Any CPU.ActiveCfg = Release|Any CPU
		{0CB23B89-0326-46AE-B408-B4D61F3A61BC}.Release|Any CPU.Build.0 = Release|Any CPU
		{70AF3727-D7B7-4EE4-BF1D-E19BA0A71364}.Debug|Any CPU.ActiveCfg = Debug|Any CPU
		{70AF3727-D7B7-4EE4-BF1D-E19BA0A71364}.Debug|Any CPU.Build.0 = Debug|Any CPU
		{70AF3727-D7B7-4EE4-BF1D-E19BA0A71364}.Release|Any CPU.ActiveCfg = Release|Any CPU
		{70AF3727-D7B7-4EE4-BF1D-E19BA0A71364}.Release|Any CPU.Build.0 = Release|Any CPU
		{C0674856-0463-466F-8F60-0C203F4A41EA}.Debug|Any CPU.ActiveCfg = Debug|Any CPU
		{C0674856-0463-466F-8F60-0C203F4A41EA}.Debug|Any CPU.Build.0 = Debug|Any CPU
		{C0674856-0463-466F-8F60-0C203F4A41EA}.Release|Any CPU.ActiveCfg = Release|Any CPU
		{C0674856-0463-466F-8F60-0C203F4A41EA}.Release|Any CPU.Build.0 = Release|Any CPU
		{CBC293C3-60B6-4E70-8FDE-160A17724A95}.Debug|Any CPU.ActiveCfg = Debug|Any CPU
		{CBC293C3-60B6-4E70-8FDE-160A17724A95}.Debug|Any CPU.Build.0 = Debug|Any CPU
		{CBC293C3-60B6-4E70-8FDE-160A17724A95}.Release|Any CPU.ActiveCfg = Release|Any CPU
		{CBC293C3-60B6-4E70-8FDE-160A17724A95}.Release|Any CPU.Build.0 = Release|Any CPU
		{3D2A9C70-3488-4D0F-B00D-C0C911441FF5}.Debug|Any CPU.ActiveCfg = Debug|Any CPU
		{3D2A9C70-3488-4D0F-B00D-C0C911441FF5}.Debug|Any CPU.Build.0 = Debug|Any CPU
		{3D2A9C70-3488-4D0F-B00D-C0C911441FF5}.Release|Any CPU.ActiveCfg = Release|Any CPU
		{3D2A9C70-3488-4D0F-B00D-C0C911441FF5}.Release|Any CPU.Build.0 = Release|Any CPU
		{A5BE9F43-EFC9-4CFA-82F7-888F25329F8F}.Debug|Any CPU.ActiveCfg = Debug|Any CPU
		{A5BE9F43-EFC9-4CFA-82F7-888F25329F8F}.Debug|Any CPU.Build.0 = Debug|Any CPU
		{A5BE9F43-EFC9-4CFA-82F7-888F25329F8F}.Release|Any CPU.ActiveCfg = Release|Any CPU
		{A5BE9F43-EFC9-4CFA-82F7-888F25329F8F}.Release|Any CPU.Build.0 = Release|Any CPU
		{01C91799-BA55-4931-A391-91B3E5D6C23A}.Debug|Any CPU.ActiveCfg = Debug|Any CPU
		{01C91799-BA55-4931-A391-91B3E5D6C23A}.Debug|Any CPU.Build.0 = Debug|Any CPU
		{01C91799-BA55-4931-A391-91B3E5D6C23A}.Release|Any CPU.ActiveCfg = Release|Any CPU
		{01C91799-BA55-4931-A391-91B3E5D6C23A}.Release|Any CPU.Build.0 = Release|Any CPU
		{DE079956-B827-488E-868A-FA2EF2CEACD0}.Debug|Any CPU.ActiveCfg = Debug|Any CPU
		{DE079956-B827-488E-868A-FA2EF2CEACD0}.Debug|Any CPU.Build.0 = Debug|Any CPU
		{DE079956-B827-488E-868A-FA2EF2CEACD0}.Release|Any CPU.ActiveCfg = Release|Any CPU
		{DE079956-B827-488E-868A-FA2EF2CEACD0}.Release|Any CPU.Build.0 = Release|Any CPU
		{C4BD76D7-7551-4C1E-BE17-B33099A53DE9}.Debug|Any CPU.ActiveCfg = Debug|Any CPU
		{C4BD76D7-7551-4C1E-BE17-B33099A53DE9}.Debug|Any CPU.Build.0 = Debug|Any CPU
		{C4BD76D7-7551-4C1E-BE17-B33099A53DE9}.Release|Any CPU.ActiveCfg = Release|Any CPU
		{C4BD76D7-7551-4C1E-BE17-B33099A53DE9}.Release|Any CPU.Build.0 = Release|Any CPU
		{EE8F43D9-F760-4371-A74C-5BC20AB7944F}.Debug|Any CPU.ActiveCfg = Debug|Any CPU
		{EE8F43D9-F760-4371-A74C-5BC20AB7944F}.Debug|Any CPU.Build.0 = Debug|Any CPU
		{EE8F43D9-F760-4371-A74C-5BC20AB7944F}.Release|Any CPU.ActiveCfg = Release|Any CPU
		{EE8F43D9-F760-4371-A74C-5BC20AB7944F}.Release|Any CPU.Build.0 = Release|Any CPU
	EndGlobalSection
	GlobalSection(SolutionProperties) = preSolution
		HideSolutionNode = FALSE
	EndGlobalSection
	GlobalSection(NestedProjects) = preSolution
		{404AD980-7BF6-4073-913A-57CB9059D023} = {02EA681E-C7D8-13C7-8484-4AC65E1B71E8}
		{26E8091E-5D54-44D0-B944-7C07873D9647} = {02EA681E-C7D8-13C7-8484-4AC65E1B71E8}
		{F8F9F4AA-FA6F-4232-8F76-6D0F1CEB5A78} = {02EA681E-C7D8-13C7-8484-4AC65E1B71E8}
		{9E499707-CBD5-4481-B670-E612C7C89196} = {02EA681E-C7D8-13C7-8484-4AC65E1B71E8}
		{EB650D6C-AC8B-4BAE-A7EA-C57B1A0AF976} = {02EA681E-C7D8-13C7-8484-4AC65E1B71E8}
		{58B9BD9E-8DEE-4748-95A4-C00D0E58F2E6} = {43ED52CB-1F13-4B14-A9A1-D5ED48F9AD6D}
		{DFEB8724-F4D9-446C-A49E-F10232EA16F8} = {43ED52CB-1F13-4B14-A9A1-D5ED48F9AD6D}
		{400FFCA1-DF9A-455F-AA6E-5236F2A61CA9} = {43ED52CB-1F13-4B14-A9A1-D5ED48F9AD6D}
		{D9D65C65-9DB0-4087-AA91-E94509C88FC1} = {43ED52CB-1F13-4B14-A9A1-D5ED48F9AD6D}
		{4A040D4E-1ADD-4849-A02D-55CC65B1CA24} = {43ED52CB-1F13-4B14-A9A1-D5ED48F9AD6D}
		{533D3622-A290-44EA-A429-A927D1E1F249} = {43ED52CB-1F13-4B14-A9A1-D5ED48F9AD6D}
		{03BCFC49-1509-4627-BEC2-48DAD69D61BB} = {43ED52CB-1F13-4B14-A9A1-D5ED48F9AD6D}
		{0CB23B89-0326-46AE-B408-B4D61F3A61BC} = {F550EBCE-8129-4461-812B-EFCD0464B5C6}
		{70AF3727-D7B7-4EE4-BF1D-E19BA0A71364} = {F550EBCE-8129-4461-812B-EFCD0464B5C6}
		{C0674856-0463-466F-8F60-0C203F4A41EA} = {F550EBCE-8129-4461-812B-EFCD0464B5C6}
		{CBC293C3-60B6-4E70-8FDE-160A17724A95} = {F550EBCE-8129-4461-812B-EFCD0464B5C6}
		{3D2A9C70-3488-4D0F-B00D-C0C911441FF5} = {F550EBCE-8129-4461-812B-EFCD0464B5C6}
		{A5BE9F43-EFC9-4CFA-82F7-888F25329F8F} = {F550EBCE-8129-4461-812B-EFCD0464B5C6}
		{01C91799-BA55-4931-A391-91B3E5D6C23A} = {F550EBCE-8129-4461-812B-EFCD0464B5C6}
		{DE079956-B827-488E-868A-FA2EF2CEACD0} = {F550EBCE-8129-4461-812B-EFCD0464B5C6}
		{C4BD76D7-7551-4C1E-BE17-B33099A53DE9} = {F550EBCE-8129-4461-812B-EFCD0464B5C6}
		{EE8F43D9-F760-4371-A74C-5BC20AB7944F} = {F550EBCE-8129-4461-812B-EFCD0464B5C6}
	EndGlobalSection
	GlobalSection(ExtensibilityGlobals) = postSolution
		SolutionGuid = {D10A1588-FD76-4161-81FB-DB55A8C3EB72}
	EndGlobalSection
EndGlobal
